dependencies:
- name: postgresql
  repository: oci://registry-1.docker.io/bitnamicharts
  version: 18.1.3
- name: geoserver
  repository: https://delta10.github.io/helm-charts
  version: 2.27.3
digest: sha256:6275568e545fc8fa90121cdffaaae39e6f61ec6c293fd0f32a481858e58a3320
generated: "2026-02-02T14:02:51.579392305+01:00"
