dependencies:
- name: postgresql
  repository: oci://registry-1.docker.io/bitnamicharts
  version: 18.1.3
- name: geoserver
  repository: https://delta10.github.io/helm-charts
  version: 2.27.3
digest: sha256:2c2dd6bfc94cf6e70672a334a2f0a6b0dbc61c44a3ecde3451090373a064dfff
generated: "2026-02-16T10:38:27.947268+01:00"
