dependencies:
- name: postgresql
  repository: oci://registry-1.docker.io/bitnamicharts
  version: 18.1.3
- name: geoserver
  repository: https://delta10.github.io/helm-charts
  version: 2.27.3
- name: filter-proxy
  repository: https://delta10.github.io/helm-charts
  version: 0.8.2
digest: sha256:c9cce60885e12e53faaba2b1760612cfed0e959ab9d7e6c3d470fac45af4993a
generated: "2026-02-24T09:22:15.265416+01:00"
